
Microsoft Visual Studio Solution File, Format Version 12.00
# Visual Studio Version 17
VisualStudioVersion = 17.0.32014.148
MinimumVisualStudioVersion = 10.0.40219.1
Project("{FAE04EC0-301F-11D3-BF4B-00C04F79EFBC}") = "ST.ERP", "ST.ERP.csproj", "{5254B384-FD1C-44E3-B33B-1FF0E63990AB}"
EndProject
Global
	GlobalSection(SolutionConfigurationPlatforms) = preSolution
		Debug|Any CPU = Debug|Any CPU
		Release|Any CPU = Release|Any CPU
	EndGlobalSection
	GlobalSection(ProjectConfigurationPlatforms) = postSolution
		{5254B384-FD1C-44E3-B33B-1FF0E63990AB}.Debug|Any CPU.ActiveCfg = Debug|Any CPU
		{5254B384-FD1C-44E3-B33B-1FF0E63990AB}.Debug|Any CPU.Build.0 = Debug|Any CPU
		{5254B384-FD1C-44E3-B33B-1FF0E63990AB}.Release|Any CPU.ActiveCfg = Release|Any CPU
		{5254B384-FD1C-44E3-B33B-1FF0E63990AB}.Release|Any CPU.Build.0 = Release|Any CPU
	EndGlobalSection
	GlobalSection(SolutionProperties) = preSolution
		HideSolutionNode = FALSE
	EndGlobalSection
	GlobalSection(ExtensibilityGlobals) = postSolution
		SolutionGuid = {BE95AA69-C57F-44A1-98A7-65FB6F83EBE6}
	EndGlobalSection
EndGlobal
